
Microsoft Visual Studio Solution File, Format Version 12.00
# Visual Studio Version 16
VisualStudioVersion = 16.0.808.4
MinimumVisualStudioVersion = 10.0.40219.1
Project("{FAE04EC0-301F-11D3-BF4B-00C04F79EFBC}") = "songdbWebAPI", "songdbWebAPI\songdbWebAPI.csproj", "{D096319E-B6DF-4D4E-96B8-8021B9A2712C}"
EndProject
Global
	GlobalSection(SolutionConfigurationPlatforms) = preSolution
		Debug|Any CPU = Debug|Any CPU
		Release|Any CPU = Release|Any CPU
	EndGlobalSection
	GlobalSection(ProjectConfigurationPlatforms) = postSolution
		{D096319E-B6DF-4D4E-96B8-8021B9A2712C}.Debug|Any CPU.ActiveCfg = Debug|Any CPU
		{D096319E-B6DF-4D4E-96B8-8021B9A2712C}.Debug|Any CPU.Build.0 = Debug|Any CPU
		{D096319E-B6DF-4D4E-96B8-8021B9A2712C}.Release|Any CPU.ActiveCfg = Release|Any CPU
		{D096319E-B6DF-4D4E-96B8-8021B9A2712C}.Release|Any CPU.Build.0 = Release|Any CPU
	EndGlobalSection
	GlobalSection(SolutionProperties) = preSolution
		HideSolutionNode = FALSE
	EndGlobalSection
	GlobalSection(ExtensibilityGlobals) = postSolution
		SolutionGuid = {2ADBA9B8-A9A9-43DB-83C6-E0C92E5B21E4}
	EndGlobalSection
EndGlobal
